
Microsoft Visual Studio Solution File, Format Version 12.00
# Visual Studio 14
VisualStudioVersion = 14.0.25420.1
MinimumVisualStudioVersion = 10.0.40219.1
Project("{FAE04EC0-301F-11D3-BF4B-00C04F79EFBC}") = "Server35", "Server35\Server35.csproj", "{033A704B-752D-4366-BBD3-4CDF6E674666}"
EndProject
Project("{FAE04EC0-301F-11D3-BF4B-00C04F79EFBC}") = "Client35", "Client35\Client35.csproj", "{443E67A6-908C-4548-9507-BE6C2266BBD6}"
EndProject
Project("{FAE04EC0-301F-11D3-BF4B-00C04F79EFBC}") = "Server45", "Server45\Server45.csproj", "{82A4E6FC-39E3-4879-AAE9-B1DFC95E3CC5}"
EndProject
Project("{FAE04EC0-301F-11D3-BF4B-00C04F79EFBC}") = "Client45", "Client45\Client45.csproj", "{26536871-E1D9-4222-80AF-186D1C25CFEB}"
EndProject
Global
	GlobalSection(SolutionConfigurationPlatforms) = preSolution
		Debug|Any CPU = Debug|Any CPU
		Release|Any CPU = Release|Any CPU
	EndGlobalSection
	GlobalSection(ProjectConfigurationPlatforms) = postSolution
		{033A704B-752D-4366-BBD3-4CDF6E674666}.Debug|Any CPU.ActiveCfg = Debug|Any CPU
		{033A704B-752D-4366-BBD3-4CDF6E674666}.Debug|Any CPU.Build.0 = Debug|Any CPU
		{033A704B-752D-4366-BBD3-4CDF6E674666}.Release|Any CPU.ActiveCfg = Release|Any CPU
		{033A704B-752D-4366-BBD3-4CDF6E674666}.Release|Any CPU.Build.0 = Release|Any CPU
		{443E67A6-908C-4548-9507-BE6C2266BBD6}.Debug|Any CPU.ActiveCfg = Debug|Any CPU
		{443E67A6-908C-4548-9507-BE6C2266BBD6}.Debug|Any CPU.Build.0 = Debug|Any CPU
		{443E67A6-908C-4548-9507-BE6C2266BBD6}.Release|Any CPU.ActiveCfg = Release|Any CPU
		{443E67A6-908C-4548-9507-BE6C2266BBD6}.Release|Any CPU.Build.0 = Release|Any CPU
		{82A4E6FC-39E3-4879-AAE9-B1DFC95E3CC5}.Debug|Any CPU.ActiveCfg = Debug|Any CPU
		{82A4E6FC-39E3-4879-AAE9-B1DFC95E3CC5}.Debug|Any CPU.Build.0 = Debug|Any CPU
		{82A4E6FC-39E3-4879-AAE9-B1DFC95E3CC5}.Release|Any CPU.ActiveCfg = Release|Any CPU
		{82A4E6FC-39E3-4879-AAE9-B1DFC95E3CC5}.Release|Any CPU.Build.0 = Release|Any CPU
		{26536871-E1D9-4222-80AF-186D1C25CFEB}.Debug|Any CPU.ActiveCfg = Debug|Any CPU
		{26536871-E1D9-4222-80AF-186D1C25CFEB}.Debug|Any CPU.Build.0 = Debug|Any CPU
		{26536871-E1D9-4222-80AF-186D1C25CFEB}.Release|Any CPU.ActiveCfg = Release|Any CPU
		{26536871-E1D9-4222-80AF-186D1C25CFEB}.Release|Any CPU.Build.0 = Release|Any CPU
	EndGlobalSection
	GlobalSection(SolutionProperties) = preSolution
		HideSolutionNode = FALSE
	EndGlobalSection
EndGlobal
